
Microsoft Visual Studio Solution File, Format Version 12.00
Project("{FAE04EC0-301F-11D3-BF4B-00C04F79EFBC}") = "ThreadPoolSample", "ThreadPoolSample\ThreadPoolSample.csproj", "{2027B873-2233-4FDB-AED1-0A5BFA56F22A}"
EndProject
Global
	GlobalSection(SolutionConfigurationPlatforms) = preSolution
		Debug|Any CPU = Debug|Any CPU
		Release|Any CPU = Release|Any CPU
	EndGlobalSection
	GlobalSection(ProjectConfigurationPlatforms) = postSolution
		{2027B873-2233-4FDB-AED1-0A5BFA56F22A}.Debug|Any CPU.ActiveCfg = Debug|Any CPU
		{2027B873-2233-4FDB-AED1-0A5BFA56F22A}.Debug|Any CPU.Build.0 = Debug|Any CPU
		{2027B873-2233-4FDB-AED1-0A5BFA56F22A}.Release|Any CPU.ActiveCfg = Release|Any CPU
		{2027B873-2233-4FDB-AED1-0A5BFA56F22A}.Release|Any CPU.Build.0 = Release|Any CPU
	EndGlobalSection
EndGlobal
